
Microsoft Visual Studio Solution File, Format Version 12.00
# Visual Studio Version 16
VisualStudioVersion = 16.0.31911.196
MinimumVisualStudioVersion = 10.0.40219.1
Project("{FAE04EC0-301F-11D3-BF4B-00C04F79EFBC}") = "FoodProject", "FoodProject\FoodProject.csproj", "{98FF176C-D9E9-471E-B3BD-FDB25F3F2B4E}"
EndProject
Global
	GlobalSection(SolutionConfigurationPlatforms) = preSolution
		Debug|Any CPU = Debug|Any CPU
		Release|Any CPU = Release|Any CPU
	EndGlobalSection
	GlobalSection(ProjectConfigurationPlatforms) = postSolution
		{98FF176C-D9E9-471E-B3BD-FDB25F3F2B4E}.Debug|Any CPU.ActiveCfg = Debug|Any CPU
		{98FF176C-D9E9-471E-B3BD-FDB25F3F2B4E}.Debug|Any CPU.Build.0 = Debug|Any CPU
		{98FF176C-D9E9-471E-B3BD-FDB25F3F2B4E}.Release|Any CPU.ActiveCfg = Release|Any CPU
		{98FF176C-D9E9-471E-B3BD-FDB25F3F2B4E}.Release|Any CPU.Build.0 = Release|Any CPU
	EndGlobalSection
	GlobalSection(SolutionProperties) = preSolution
		HideSolutionNode = FALSE
	EndGlobalSection
	GlobalSection(ExtensibilityGlobals) = postSolution
		SolutionGuid = {FBE33887-2E12-4E5F-8F69-D5A625CFF927}
	EndGlobalSection
EndGlobal
